
Microsoft Visual Studio Solution File, Format Version 12.00
# Visual Studio Version 17
VisualStudioVersion = 17.3.32929.385
MinimumVisualStudioVersion = 10.0.40219.1
Project("{FAE04EC0-301F-11D3-BF4B-00C04F79EFBC}") = "LearningWPF", "LearningWPF\LearningWPF.csproj", "{CF19C7C1-130C-4368-99CB-74BF279D2318}"
EndProject
Global
	GlobalSection(SolutionConfigurationPlatforms) = preSolution
		Debug|Any CPU = Debug|Any CPU
		Release|Any CPU = Release|Any CPU
	EndGlobalSection
	GlobalSection(ProjectConfigurationPlatforms) = postSolution
		{CF19C7C1-130C-4368-99CB-74BF279D2318}.Debug|Any CPU.ActiveCfg = Debug|Any CPU
		{CF19C7C1-130C-4368-99CB-74BF279D2318}.Debug|Any CPU.Build.0 = Debug|Any CPU
		{CF19C7C1-130C-4368-99CB-74BF279D2318}.Release|Any CPU.ActiveCfg = Release|Any CPU
		{CF19C7C1-130C-4368-99CB-74BF279D2318}.Release|Any CPU.Build.0 = Release|Any CPU
	EndGlobalSection
	GlobalSection(SolutionProperties) = preSolution
		HideSolutionNode = FALSE
	EndGlobalSection
	GlobalSection(ExtensibilityGlobals) = postSolution
		SolutionGuid = {9CCA2772-01FF-48E7-99BC-D4405E3788E2}
	EndGlobalSection
EndGlobal
